
Microsoft Visual Studio Solution File, Format Version 12.00
# Visual Studio Version 17
VisualStudioVersion = 17.4.33110.190
MinimumVisualStudioVersion = 10.0.40219.1
Project("{9A19103F-16F7-4668-BE54-9A1E7A4F7556}") = "TetrisLibrary", "TetrisLibrary\TetrisLibrary.csproj", "{F006EBD4-84AE-4854-BA7C-5908449A70A9}"
EndProject
Project("{9A19103F-16F7-4668-BE54-9A1E7A4F7556}") = "TetrisUI", "TetrisUI\TetrisUI.csproj", "{6504555E-D2D2-4DD1-B84D-F2CF5DC02FB6}"
EndProject
Project("{9A19103F-16F7-4668-BE54-9A1E7A4F7556}") = "TicTacToeLibrary", "TicTacToeLibrary\TicTacToeLibrary.csproj", "{B3C6F3C3-DC40-4A66-AE59-9E972A2505CC}"
EndProject
Project("{9A19103F-16F7-4668-BE54-9A1E7A4F7556}") = "TicTacToeUI", "TicTacToeUI\TicTacToeUI.csproj", "{EC21DAA8-9F97-4521-B7F3-0AD1A9FC7D07}"
EndProject
Project("{9A19103F-16F7-4668-BE54-9A1E7A4F7556}") = "SnakeUI", "SnakeUI\SnakeUI.csproj", "{67EE2198-F455-4695-92CC-C290E3D1A3EC}"
EndProject
Project("{2150E333-8FDC-42A3-9474-1A3956D46DE8}") = "Tetris", "Tetris", "{A91B65A1-A1D4-4F70-B898-A69846DA65B3}"
EndProject
Project("{2150E333-8FDC-42A3-9474-1A3956D46DE8}") = "Tic-Tac-Toe", "Tic-Tac-Toe", "{4738CDE8-C86C-4059-97C6-AFB3E14733D9}"
EndProject
Project("{2150E333-8FDC-42A3-9474-1A3956D46DE8}") = "Snake", "Snake", "{3999A9AE-65C1-4609-8AE0-1C0F33614FAC}"
EndProject
Project("{9A19103F-16F7-4668-BE54-9A1E7A4F7556}") = "SnakeLibrary", "SnakeLibrary\SnakeLibrary.csproj", "{9F9AC05B-1CB0-44C7-B4BA-04D231202CD1}"
EndProject
Project("{2150E333-8FDC-42A3-9474-1A3956D46DE8}") = "Minesweeper", "Minesweeper", "{4EAE2A7E-736B-4DA5-852D-B3CF2BE43A9E}"
EndProject
Project("{FAE04EC0-301F-11D3-BF4B-00C04F79EFBC}") = "MinesweepLibrary", "MinesweepLibrary\MinesweepLibrary.csproj", "{F7DA5B8E-F4CC-43BA-A1A7-34930DC37EFA}"
EndProject
Global
	GlobalSection(SolutionConfigurationPlatforms) = preSolution
		Debug|Any CPU = Debug|Any CPU
		Release|Any CPU = Release|Any CPU
	EndGlobalSection
	GlobalSection(ProjectConfigurationPlatforms) = postSolution
		{F006EBD4-84AE-4854-BA7C-5908449A70A9}.Debug|Any CPU.ActiveCfg = Debug|Any CPU
		{F006EBD4-84AE-4854-BA7C-5908449A70A9}.Debug|Any CPU.Build.0 = Debug|Any CPU
		{F006EBD4-84AE-4854-BA7C-5908449A70A9}.Release|Any CPU.ActiveCfg = Release|Any CPU
		{F006EBD4-84AE-4854-BA7C-5908449A70A9}.Release|Any CPU.Build.0 = Release|Any CPU
		{6504555E-D2D2-4DD1-B84D-F2CF5DC02FB6}.Debug|Any CPU.ActiveCfg = Debug|Any CPU
		{6504555E-D2D2-4DD1-B84D-F2CF5DC02FB6}.Debug|Any CPU.Build.0 = Debug|Any CPU
		{6504555E-D2D2-4DD1-B84D-F2CF5DC02FB6}.Release|Any CPU.ActiveCfg = Release|Any CPU
		{6504555E-D2D2-4DD1-B84D-F2CF5DC02FB6}.Release|Any CPU.Build.0 = Release|Any CPU
		{B3C6F3C3-DC40-4A66-AE59-9E972A2505CC}.Debug|Any CPU.ActiveCfg = Debug|Any CPU
		{B3C6F3C3-DC40-4A66-AE59-9E972A2505CC}.Debug|Any CPU.Build.0 = Debug|Any CPU
		{B3C6F3C3-DC40-4A66-AE59-9E972A2505CC}.Release|Any CPU.ActiveCfg = Release|Any CPU
		{B3C6F3C3-DC40-4A66-AE59-9E972A2505CC}.Release|Any CPU.Build.0 = Release|Any CPU
		{EC21DAA8-9F97-4521-B7F3-0AD1A9FC7D07}.Debug|Any CPU.ActiveCfg = Debug|Any CPU
		{EC21DAA8-9F97-4521-B7F3-0AD1A9FC7D07}.Debug|Any CPU.Build.0 = Debug|Any CPU
		{EC21DAA8-9F97-4521-B7F3-0AD1A9FC7D07}.Release|Any CPU.ActiveCfg = Release|Any CPU
		{EC21DAA8-9F97-4521-B7F3-0AD1A9FC7D07}.Release|Any CPU.Build.0 = Release|Any CPU
		{67EE2198-F455-4695-92CC-C290E3D1A3EC}.Debug|Any CPU.ActiveCfg = Debug|Any CPU
		{67EE2198-F455-4695-92CC-C290E3D1A3EC}.Debug|Any CPU.Build.0 = Debug|Any CPU
		{67EE2198-F455-4695-92CC-C290E3D1A3EC}.Release|Any CPU.ActiveCfg = Release|Any CPU
		{67EE2198-F455-4695-92CC-C290E3D1A3EC}.Release|Any CPU.Build.0 = Release|Any CPU
		{9F9AC05B-1CB0-44C7-B4BA-04D231202CD1}.Debug|Any CPU.ActiveCfg = Debug|Any CPU
		{9F9AC05B-1CB0-44C7-B4BA-04D231202CD1}.Debug|Any CPU.Build.0 = Debug|Any CPU
		{9F9AC05B-1CB0-44C7-B4BA-04D231202CD1}.Release|Any CPU.ActiveCfg = Release|Any CPU
		{9F9AC05B-1CB0-44C7-B4BA-04D231202CD1}.Release|Any CPU.Build.0 = Release|Any CPU
		{F7DA5B8E-F4CC-43BA-A1A7-34930DC37EFA}.Debug|Any CPU.ActiveCfg = Debug|Any CPU
		{F7DA5B8E-F4CC-43BA-A1A7-34930DC37EFA}.Debug|Any CPU.Build.0 = Debug|Any CPU
		{F7DA5B8E-F4CC-43BA-A1A7-34930DC37EFA}.Release|Any CPU.ActiveCfg = Release|Any CPU
		{F7DA5B8E-F4CC-43BA-A1A7-34930DC37EFA}.Release|Any CPU.Build.0 = Release|Any CPU
	EndGlobalSection
	GlobalSection(SolutionProperties) = preSolution
		HideSolutionNode = FALSE
	EndGlobalSection
	GlobalSection(NestedProjects) = preSolution
		{F006EBD4-84AE-4854-BA7C-5908449A70A9} = {A91B65A1-A1D4-4F70-B898-A69846DA65B3}
		{6504555E-D2D2-4DD1-B84D-F2CF5DC02FB6} = {A91B65A1-A1D4-4F70-B898-A69846DA65B3}
		{B3C6F3C3-DC40-4A66-AE59-9E972A2505CC} = {4738CDE8-C86C-4059-97C6-AFB3E14733D9}
		{EC21DAA8-9F97-4521-B7F3-0AD1A9FC7D07} = {4738CDE8-C86C-4059-97C6-AFB3E14733D9}
		{67EE2198-F455-4695-92CC-C290E3D1A3EC} = {3999A9AE-65C1-4609-8AE0-1C0F33614FAC}
		{9F9AC05B-1CB0-44C7-B4BA-04D231202CD1} = {3999A9AE-65C1-4609-8AE0-1C0F33614FAC}
		{F7DA5B8E-F4CC-43BA-A1A7-34930DC37EFA} = {4EAE2A7E-736B-4DA5-852D-B3CF2BE43A9E}
	EndGlobalSection
	GlobalSection(ExtensibilityGlobals) = postSolution
		SolutionGuid = {B91E43D2-41D5-45DA-A9E5-285AA884AEB7}
	EndGlobalSection
EndGlobal
